{
    "_meta": {
        "hash": {
            "sha256": "d1b3df82513b9fe863205ffafa89ba81338919d933af2eabfa39682c5a87bb9e"
        },
        "pipfile-spec": 6,
        "requires": {
            "python_version": "3.7"
        },
        "sources": [
            {
                "name": "pypi",
                "url": "https://pypi.org/simple",
                "verify_ssl": true
            }
        ]
    },
    "default": {
        "alabaster": {
            "hashes": [
                "sha256:a1cb1b94fcc192ff74ca212d6ef5cb543bb169cfe7991c2b9df256bb354c1fff",
                "sha256:e86ae2eb1a0297454ce6bbe94414fbb272ed9f148b9ca5344dc213164e0d3d74"
            ],
            "index": "pypi",
            "version": "==0.7.8"
        },
        "babel": {
            "hashes": [
                "sha256:3318ed2960240d61cbc6558858ee00c10eed77a6508c4d1ed8e6f7f48399c975",
                "sha256:c535c4403802f6eb38173cd4863e419e2274921a01a8aad8a5b497c131c62875"
            ],
            "index": "pypi",
            "version": "==2.3.4"
        },
        "certifi": {
            "hashes": [
                "sha256:1d987a998c75633c40847cc966fcf5904906c920a7f17ef374f5aa4282abd304",
                "sha256:51fcb31174be6e6664c5f69e3e1691a2d72a1a12e90f872cbdb1567eb47b6519"
            ],
            "version": "==2020.4.5.1"
        },
        "chardet": {
            "hashes": [
                "sha256:84ab92ed1c4d4f16916e05906b6b75a6c0fb5db821cc65e70cbd64a3e2a5eaae",
                "sha256:fc323ffcaeaed0e0a02bf4d117757b98aed530d9ed4531e3e15460124c106691"
            ],
            "version": "==3.0.4"
        },
        "commonmark": {
            "hashes": [
                "sha256:34d73ec8085923c023930dfc0bcd1c4286e28a2a82de094bb72fabcc0281cbe5"
            ],
            "version": "==0.5.4"
        },
        "docutils": {
            "hashes": [
                "sha256:c7db717810ab6965f66c8cf0398a98c9d8df982da39b4cd7f162911eb89596fa",
                "sha256:dcebd4928112631626f4c4d0df59787c748404e66dda952110030ea883d3b8cd"
            ],
            "index": "pypi",
            "version": "==0.12"
        },
        "idna": {
            "hashes": [
                "sha256:7588d1c14ae4c77d74036e8c22ff447b26d0fde8f007354fd48a7814db15b7cb",
                "sha256:a068a21ceac8a4d63dbfd964670474107f541babbd2250d61922f029858365fa"
            ],
            "version": "==2.9"
        },
        "imagesize": {
            "hashes": [
                "sha256:0ab2c62b87987e3252f89d30b7cedbec12a01af9274af9ffa48108f2c13c6062",
                "sha256:6ebdc9e0ad188f9d1b2cdd9bc59cbe42bf931875e829e7a595e6b3abdc05cdfb"
            ],
            "index": "pypi",
            "version": "==0.7.1"
        },
        "jinja2": {
            "hashes": [
                "sha256:065c4f02ebe7f7cf559e49ee5a95fb800a9e4528727aec6f24402a5374c65013",
                "sha256:14dd6caf1527abb21f08f86c784eac40853ba93edb79552aa1e4b8aef1b61c7b"
            ],
            "index": "pypi",
            "version": "==2.10.1"
        },
        "markupsafe": {
            "hashes": [
                "sha256:a4ec1aff59b95a14b45eb2e23761a0179e98319da5a7eb76b56ea8cdc7b871c3"
            ],
            "index": "pypi",
            "version": "==0.23"
        },
        "packaging": {
            "hashes": [
                "sha256:4357f74f47b9c12db93624a82154e9b120fa8293699949152b22065d556079f8",
                "sha256:998416ba6962ae7fbd6596850b80e17859a5753ba17c32284f67bfff33784181"
            ],
            "version": "==20.4"
        },
        "pygments": {
            "hashes": [
                "sha256:485602129949b14247e8b124d28af4654dffbd076537c4a9c44a538a2c1755b7",
                "sha256:88e4c8a91b2af5962bfa5ea2447ec6dd357018e86e94c7d14bd8cacbc5b55d81"
            ],
            "index": "pypi",
            "version": "==2.1.3"
        },
        "pyparsing": {
            "hashes": [
                "sha256:c203ec8783bf771a155b207279b9bccb8dea02d8f0c9e5f8ead507bc3246ecc1",
                "sha256:ef9d7589ef3c200abe66653d3f1ab1033c3c419ae9b9bdb1240a85b024efc88b"
            ],
            "version": "==2.4.7"
        },
        "python-markdown-math": {
            "hashes": [
                "sha256:261b02961e529aa1ce4dd505f90f369754bcd1938109b56a598f6c5ba301d7b7"
            ],
            "index": "pypi",
            "version": "==0.2"
        },
        "pytz": {
            "hashes": [
                "sha256:8781cdd3ca70f5a536884e051797ca213b9ff479a5c1cc57240adf37cc1eff1b",
                "sha256:be2ff04e94a2b5454ddcfbebb81ee8e46162734d4c2fcc90c422d16ab51f810b",
                "sha256:c823de61ff40d1996fe087cec343e0503881ca641b897e0f9b86c7683a0bfee1",
                "sha256:ee7c751544e35a7b7fb5e3fb25a49dade37d51e70a93e5107f10575d7102c311"
            ],
            "index": "pypi",
            "version": "==2016.4"
        },
        "recommonmark": {
            "hashes": [
                "sha256:6e29c723abcf5533842376d87c4589e62923ecb6002a8e059eb608345ddaff9d",
                "sha256:cd8bf902e469dae94d00367a8197fb7b81fcabc9cfb79d520e0d22d0fbeaa8b7"
            ],
            "index": "pypi",
            "version": "==0.4.0"
        },
        "requests": {
            "hashes": [
                "sha256:43999036bfa82904b6af1d99e4882b560e5e2c68e5c4b0aa03b655f3d7d73fee",
                "sha256:b3f43d496c6daba4493e7c431722aeb7dbc6288f52a6e04e7b6023b0247817e6"
            ],
            "version": "==2.23.0"
        },
        "six": {
            "hashes": [
                "sha256:0ff78c403d9bccf5a425a6d31a12aa6b47f1c21ca4dc2573a7e2f32a97335eb1",
                "sha256:105f8d68616f8248e24bf0e9372ef04d3cc10104f1980f54d57b2ce73a5ad56a"
            ],
            "index": "pypi",
            "version": "==1.10.0"
        },
        "snowballstemmer": {
            "hashes": [
                "sha256:919f26a68b2c17a7634da993d91339e288964f93c274f1343e3bbbe2096e1128",
                "sha256:9f3bcd3c401c3e862ec0ebe6d2c069ebc012ce142cce209c098ccb5b09136e89"
            ],
            "index": "pypi",
            "version": "==1.2.1"
        },
        "sphinx": {
            "hashes": [
                "sha256:5a1c9a0fec678c24b9a2f5afba240c04668edb7f45c67ce2ed008996b3f21ae2",
                "sha256:7a606d77618a753adb79e13605166e3cf6a0e5678526e044236fc1ac43650910"
            ],
            "index": "pypi",
            "version": "==1.7.2"
        },
        "sphinx-rtd-theme": {
            "hashes": [
                "sha256:18004a41a59640bda179211607e5c4910c1689306185005d1b173c129d092e3f",
                "sha256:efdb06dd22d86f218dcc1e080a5fa27dc11836d3a644438842e68d561a9fcdff"
            ],
            "index": "pypi",
            "version": "==0.2.5b2"
        },
        "sphinxcontrib-websupport": {
            "hashes": [
                "sha256:33c0db6c0635b9dc3e72629b7278ca3b9fa24c156eeeaf1674be8f268831d951",
                "sha256:c155cfa18e8b7c832b3cac0a2d41810ebacd26b26ba9624cd2f42c3496dad04b"
            ],
            "version": "==1.2.2"
        },
        "urllib3": {
            "hashes": [
                "sha256:3018294ebefce6572a474f0604c2021e33b3fd8006ecd11d62107a5d2a963527",
                "sha256:88206b0eb87e6d677d424843ac5209e3fb9d0190d0ee169599165ec25e9d9115"
            ],
            "version": "==1.25.9"
        }
    },
    "develop": {}
}
